
Microsoft Visual Studio Solution File, Format Version 12.00
# Visual Studio Version 16
VisualStudioVersion = 16.0.31605.320
MinimumVisualStudioVersion = 10.0.40219.1
Project("{9A19103F-16F7-4668-BE54-9A1E7A4F7556}") = "PaymentPlanner.Api", "PaymentPlanner.Api\PaymentPlanner.Api.csproj", "{3C3C16E3-CE78-49E7-BD6A-C117AA9DD016}"
EndProject
Project("{9A19103F-16F7-4668-BE54-9A1E7A4F7556}") = "PaymentPlanner.Tests", "PaymentPlanner.Tests\PaymentPlanner.Tests.csproj", "{1366A68B-3A53-49A8-B4DD-D888E66331FF}"
EndProject
Project("{9A19103F-16F7-4668-BE54-9A1E7A4F7556}") = "PaymentPlanner.BusinessLogic", "PaymentPlanner.BusinessLogic\PaymentPlanner.BusinessLogic.csproj", "{FB689FC9-DD7E-4990-A088-9DE3DEE3C4D2}"
EndProject
Project("{9A19103F-16F7-4668-BE54-9A1E7A4F7556}") = "PaymentPlanner.DataAccess", "PaymentPlanner.DataAccess\PaymentPlanner.DataAccess.csproj", "{54A4626F-5BB6-4F00-AC55-7C2477DE4A38}"
EndProject
Project("{9A19103F-16F7-4668-BE54-9A1E7A4F7556}") = "PaymentPlanner.Core", "PaymentPlanner.Core\PaymentPlanner.Core.csproj", "{A8977D0B-2FC2-42ED-9B25-58F914D3CFAA}"
EndProject
Project("{00D1A9C2-B5F0-4AF3-8072-F6C62B433612}") = "PaymentPlanner.DataBase", "PaymentPlanner.DataBase\PaymentPlanner.DataBase.sqlproj", "{E36A01C5-7A81-485E-8119-3789C73F47FC}"
EndProject
Project("{9A19103F-16F7-4668-BE54-9A1E7A4F7556}") = "DITests", "DITests\DITests.csproj", "{D9427F03-E193-4A28-90C4-6A2DCA17CBA4}"
EndProject
Project("{FAE04EC0-301F-11D3-BF4B-00C04F79EFBC}") = "PaymentPlanner.BusinessLogic.MsTests", "PaymentPlanner.BusinessLogic.MsTests\PaymentPlanner.BusinessLogic.MsTests.csproj", "{CBF67093-64B3-4C6C-9415-DC4B56717BE2}"
EndProject
Project("{FAE04EC0-301F-11D3-BF4B-00C04F79EFBC}") = "PaymentPlanner.BusinessLogic.NTests", "PaymentPlanner.BusinessLogic.NTests\PaymentPlanner.BusinessLogic.NTests.csproj", "{C54ACDC8-A905-4C38-BD80-FBB918DE11C9}"
EndProject
Project("{FAE04EC0-301F-11D3-BF4B-00C04F79EFBC}") = "PaymentPlanner.BusinessLogic.XTests", "PaymentPlanner.BusinessLogic.XTests\PaymentPlanner.BusinessLogic.XTests.csproj", "{167A6715-E8B4-4CF5-AD39-B3EBFAC21081}"
EndProject
Global
	GlobalSection(SolutionConfigurationPlatforms) = preSolution
		Debug|Any CPU = Debug|Any CPU
		Release|Any CPU = Release|Any CPU
	EndGlobalSection
	GlobalSection(ProjectConfigurationPlatforms) = postSolution
		{3C3C16E3-CE78-49E7-BD6A-C117AA9DD016}.Debug|Any CPU.ActiveCfg = Debug|Any CPU
		{3C3C16E3-CE78-49E7-BD6A-C117AA9DD016}.Debug|Any CPU.Build.0 = Debug|Any CPU
		{3C3C16E3-CE78-49E7-BD6A-C117AA9DD016}.Release|Any CPU.ActiveCfg = Release|Any CPU
		{3C3C16E3-CE78-49E7-BD6A-C117AA9DD016}.Release|Any CPU.Build.0 = Release|Any CPU
		{1366A68B-3A53-49A8-B4DD-D888E66331FF}.Debug|Any CPU.ActiveCfg = Debug|Any CPU
		{1366A68B-3A53-49A8-B4DD-D888E66331FF}.Debug|Any CPU.Build.0 = Debug|Any CPU
		{1366A68B-3A53-49A8-B4DD-D888E66331FF}.Release|Any CPU.ActiveCfg = Release|Any CPU
		{1366A68B-3A53-49A8-B4DD-D888E66331FF}.Release|Any CPU.Build.0 = Release|Any CPU
		{FB689FC9-DD7E-4990-A088-9DE3DEE3C4D2}.Debug|Any CPU.ActiveCfg = Debug|Any CPU
		{FB689FC9-DD7E-4990-A088-9DE3DEE3C4D2}.Debug|Any CPU.Build.0 = Debug|Any CPU
		{FB689FC9-DD7E-4990-A088-9DE3DEE3C4D2}.Release|Any CPU.ActiveCfg = Release|Any CPU
		{FB689FC9-DD7E-4990-A088-9DE3DEE3C4D2}.Release|Any CPU.Build.0 = Release|Any CPU
		{54A4626F-5BB6-4F00-AC55-7C2477DE4A38}.Debug|Any CPU.ActiveCfg = Debug|Any CPU
		{54A4626F-5BB6-4F00-AC55-7C2477DE4A38}.Debug|Any CPU.Build.0 = Debug|Any CPU
		{54A4626F-5BB6-4F00-AC55-7C2477DE4A38}.Release|Any CPU.ActiveCfg = Release|Any CPU
		{54A4626F-5BB6-4F00-AC55-7C2477DE4A38}.Release|Any CPU.Build.0 = Release|Any CPU
		{A8977D0B-2FC2-42ED-9B25-58F914D3CFAA}.Debug|Any CPU.ActiveCfg = Debug|Any CPU
		{A8977D0B-2FC2-42ED-9B25-58F914D3CFAA}.Debug|Any CPU.Build.0 = Debug|Any CPU
		{A8977D0B-2FC2-42ED-9B25-58F914D3CFAA}.Release|Any CPU.ActiveCfg = Release|Any CPU
		{A8977D0B-2FC2-42ED-9B25-58F914D3CFAA}.Release|Any CPU.Build.0 = Release|Any CPU
		{E36A01C5-7A81-485E-8119-3789C73F47FC}.Debug|Any CPU.ActiveCfg = Debug|Any CPU
		{E36A01C5-7A81-485E-8119-3789C73F47FC}.Debug|Any CPU.Build.0 = Debug|Any CPU
		{E36A01C5-7A81-485E-8119-3789C73F47FC}.Debug|Any CPU.Deploy.0 = Debug|Any CPU
		{E36A01C5-7A81-485E-8119-3789C73F47FC}.Release|Any CPU.ActiveCfg = Release|Any CPU
		{E36A01C5-7A81-485E-8119-3789C73F47FC}.Release|Any CPU.Build.0 = Release|Any CPU
		{E36A01C5-7A81-485E-8119-3789C73F47FC}.Release|Any CPU.Deploy.0 = Release|Any CPU
		{D9427F03-E193-4A28-90C4-6A2DCA17CBA4}.Debug|Any CPU.ActiveCfg = Debug|Any CPU
		{D9427F03-E193-4A28-90C4-6A2DCA17CBA4}.Debug|Any CPU.Build.0 = Debug|Any CPU
		{D9427F03-E193-4A28-90C4-6A2DCA17CBA4}.Release|Any CPU.ActiveCfg = Release|Any CPU
		{D9427F03-E193-4A28-90C4-6A2DCA17CBA4}.Release|Any CPU.Build.0 = Release|Any CPU
		{CBF67093-64B3-4C6C-9415-DC4B56717BE2}.Debug|Any CPU.ActiveCfg = Debug|Any CPU
		{CBF67093-64B3-4C6C-9415-DC4B56717BE2}.Debug|Any CPU.Build.0 = Debug|Any CPU
		{CBF67093-64B3-4C6C-9415-DC4B56717BE2}.Release|Any CPU.ActiveCfg = Release|Any CPU
		{CBF67093-64B3-4C6C-9415-DC4B56717BE2}.Release|Any CPU.Build.0 = Release|Any CPU
		{C54ACDC8-A905-4C38-BD80-FBB918DE11C9}.Debug|Any CPU.ActiveCfg = Debug|Any CPU
		{C54ACDC8-A905-4C38-BD80-FBB918DE11C9}.Debug|Any CPU.Build.0 = Debug|Any CPU
		{C54ACDC8-A905-4C38-BD80-FBB918DE11C9}.Release|Any CPU.ActiveCfg = Release|Any CPU
		{C54ACDC8-A905-4C38-BD80-FBB918DE11C9}.Release|Any CPU.Build.0 = Release|Any CPU
		{167A6715-E8B4-4CF5-AD39-B3EBFAC21081}.Debug|Any CPU.ActiveCfg = Debug|Any CPU
		{167A6715-E8B4-4CF5-AD39-B3EBFAC21081}.Debug|Any CPU.Build.0 = Debug|Any CPU
		{167A6715-E8B4-4CF5-AD39-B3EBFAC21081}.Release|Any CPU.ActiveCfg = Release|Any CPU
		{167A6715-E8B4-4CF5-AD39-B3EBFAC21081}.Release|Any CPU.Build.0 = Release|Any CPU
	EndGlobalSection
	GlobalSection(SolutionProperties) = preSolution
		HideSolutionNode = FALSE
	EndGlobalSection
	GlobalSection(ExtensibilityGlobals) = postSolution
		SolutionGuid = {8D58741E-03F8-4A53-A7A2-B6D37182CFB3}
	EndGlobalSection
EndGlobal
